{
  "name": "fuzzy_geometries",
  "version": "1.0.0",
  "lockfileVersion": 1,
  "requires": true,
  "dependencies": {
    "gsap": {
      "version": "1.20.3",
      "resolved": "https://npm.dpdk.com/gsap/-/gsap-1.20.3.tgz",
      "integrity": "sha512-WICK7628LOKYIzcDzN0fGH44uF9TGzUhZkltlnsOivwnb65ApgFXN0hnsEXHQerl+TVGhv7h9glyTW5LWlEypQ=="
    },
    "three": {
      "version": "0.87.1",
      "resolved": "https://npm.dpdk.com/three/-/three-0.87.1.tgz",
      "integrity": "sha1-Rmo07cRUNFnO2bnX0na2Uhb+K6g="
    },
    "three-bas": {
      "version": "2.2.0",
      "resolved": "https://npm.dpdk.com/three-bas/-/three-bas-2.2.0.tgz",
      "integrity": "sha1-3lFveqbZcAd3+13cBVdbMKK6Sa8=",
      "requires": {
        "three": "0.87.1"
      }
    }
  }
}
